
Microsoft Visual Studio Solution File, Format Version 12.00
# Visual Studio Version 16
VisualStudioVersion = 16.0.30621.155
MinimumVisualStudioVersion = 10.0.40219.1
Project("{FAE04EC0-301F-11D3-BF4B-00C04F79EFBC}") = "KahveDukkaniInterfaceAndAbstract", "KahveDukkanıInterfaceAndAbstract\KahveDukkaniInterfaceAndAbstract.csproj", "{60593C29-6C58-417A-A528-BC7F767F84CA}"
EndProject
Global
	GlobalSection(SolutionConfigurationPlatforms) = preSolution
		Debug|Any CPU = Debug|Any CPU
		Release|Any CPU = Release|Any CPU
	EndGlobalSection
	GlobalSection(ProjectConfigurationPlatforms) = postSolution
		{60593C29-6C58-417A-A528-BC7F767F84CA}.Debug|Any CPU.ActiveCfg = Debug|Any CPU
		{60593C29-6C58-417A-A528-BC7F767F84CA}.Debug|Any CPU.Build.0 = Debug|Any CPU
		{60593C29-6C58-417A-A528-BC7F767F84CA}.Release|Any CPU.ActiveCfg = Release|Any CPU
		{60593C29-6C58-417A-A528-BC7F767F84CA}.Release|Any CPU.Build.0 = Release|Any CPU
	EndGlobalSection
	GlobalSection(SolutionProperties) = preSolution
		HideSolutionNode = FALSE
	EndGlobalSection
	GlobalSection(ExtensibilityGlobals) = postSolution
		SolutionGuid = {E66041A4-7DB7-4B38-9E26-AA80FB08297F}
	EndGlobalSection
EndGlobal
